
Microsoft Visual Studio Solution File, Format Version 12.00
# Visual Studio Version 17
VisualStudioVersion = 17.4.33403.182
MinimumVisualStudioVersion = 10.0.40219.1
Project("{9A19103F-16F7-4668-BE54-9A1E7A4F7556}") = "Hamster.Core", "Hamster.Core\Hamster.Core.csproj", "{1C695D43-CBC8-4DA3-92E1-01B982124B3A}"
EndProject
Global
	GlobalSection(SolutionConfigurationPlatforms) = preSolution
		Debug|Any CPU = Debug|Any CPU
		Release|Any CPU = Release|Any CPU
	EndGlobalSection
	GlobalSection(ProjectConfigurationPlatforms) = postSolution
		{1C695D43-CBC8-4DA3-92E1-01B982124B3A}.Debug|Any CPU.ActiveCfg = Debug|Any CPU
		{1C695D43-CBC8-4DA3-92E1-01B982124B3A}.Debug|Any CPU.Build.0 = Debug|Any CPU
		{1C695D43-CBC8-4DA3-92E1-01B982124B3A}.Release|Any CPU.ActiveCfg = Release|Any CPU
		{1C695D43-CBC8-4DA3-92E1-01B982124B3A}.Release|Any CPU.Build.0 = Release|Any CPU
	EndGlobalSection
	GlobalSection(SolutionProperties) = preSolution
		HideSolutionNode = FALSE
	EndGlobalSection
	GlobalSection(ExtensibilityGlobals) = postSolution
		SolutionGuid = {C0222054-2E3F-4712-8863-E13B7FEA7A13}
	EndGlobalSection
EndGlobal
